
Microsoft Visual Studio Solution File, Format Version 12.00
# Visual Studio Version 16
VisualStudioVersion = 16.0.30804.86
MinimumVisualStudioVersion = 10.0.40219.1
Project("{FAE04EC0-301F-11D3-BF4B-00C04F79EFBC}") = "ExamProject", "ExamProject\ExamProject.csproj", "{68ECA47E-63F7-4067-820F-41A778DAA103}"
EndProject
Project("{FAE04EC0-301F-11D3-BF4B-00C04F79EFBC}") = "DataLibrary", "DataLibrary\DataLibrary.csproj", "{BFF9D07B-38DF-4900-80A2-98B422A4CED5}"
EndProject
Global
	GlobalSection(SolutionConfigurationPlatforms) = preSolution
		Debug|Any CPU = Debug|Any CPU
		Release|Any CPU = Release|Any CPU
	EndGlobalSection
	GlobalSection(ProjectConfigurationPlatforms) = postSolution
		{68ECA47E-63F7-4067-820F-41A778DAA103}.Debug|Any CPU.ActiveCfg = Debug|Any CPU
		{68ECA47E-63F7-4067-820F-41A778DAA103}.Debug|Any CPU.Build.0 = Debug|Any CPU
		{68ECA47E-63F7-4067-820F-41A778DAA103}.Release|Any CPU.ActiveCfg = Release|Any CPU
		{68ECA47E-63F7-4067-820F-41A778DAA103}.Release|Any CPU.Build.0 = Release|Any CPU
		{BFF9D07B-38DF-4900-80A2-98B422A4CED5}.Debug|Any CPU.ActiveCfg = Debug|Any CPU
		{BFF9D07B-38DF-4900-80A2-98B422A4CED5}.Debug|Any CPU.Build.0 = Debug|Any CPU
		{BFF9D07B-38DF-4900-80A2-98B422A4CED5}.Release|Any CPU.ActiveCfg = Release|Any CPU
		{BFF9D07B-38DF-4900-80A2-98B422A4CED5}.Release|Any CPU.Build.0 = Release|Any CPU
	EndGlobalSection
	GlobalSection(SolutionProperties) = preSolution
		HideSolutionNode = FALSE
	EndGlobalSection
	GlobalSection(ExtensibilityGlobals) = postSolution
		SolutionGuid = {CFB81BC7-F296-4936-AB60-A6F219249CF7}
	EndGlobalSection
EndGlobal
